PODS:
  - DapCore (0.1.0)
  - DapLua (0.1.0):
    - DapCore (~> 0.1.0)

DEPENDENCIES:
  - DapCore (from `../dap.core.swift`)
  - DapLua (from `../dap.lua.swift`)

EXTERNAL SOURCES:
  DapCore:
    :path: ../dap.core.swift
  DapLua:
    :path: ../dap.lua.swift

SPEC CHECKSUMS:
  DapCore: 8fdeed15545884cf8719c81ecef57cd1f3e13a9d
  DapLua: 5a4c92e9f1e537e62b628f538c13c4235096b091

COCOAPODS: 0.35.0
